<?xml version="1.0" encoding="utf-8"?>
<Project ToolsVersion="18.0" xmlns="http://schemas.microsoft.com/developer/msbuild/2003">
  <ItemGroup>
    <ClCompile Include="D:\Projects\Programming\DIVINE-ENGINE\xternal\SDL\src\test\SDL_test_assert.c">
      <Filter>Source Files</Filter>
    </ClCompile>
    <ClCompile Include="D:\Projects\Programming\DIVINE-ENGINE\xternal\SDL\src\test\SDL_test_common.c">
      <Filter>Source Files</Filter>
    </ClCompile>
    <ClCompile Include="D:\Projects\Programming\DIVINE-ENGINE\xternal\SDL\src\test\SDL_test_compare.c">
      <Filter>Source Files</Filter>
    </ClCompile>
    <ClCompile Include="D:\Projects\Programming\DIVINE-ENGINE\xternal\SDL\src\test\SDL_test_crc32.c">
      <Filter>Source Files</Filter>
    </ClCompile>
    <ClCompile Include="D:\Projects\Programming\DIVINE-ENGINE\xternal\SDL\src\test\SDL_test_font.c">
      <Filter>Source Files</Filter>
    </ClCompile>
    <ClCompile Include="D:\Projects\Programming\DIVINE-ENGINE\xternal\SDL\src\test\SDL_test_fuzzer.c">
      <Filter>Source Files</Filter>
    </ClCompile>
    <ClCompile Include="D:\Projects\Programming\DIVINE-ENGINE\xternal\SDL\src\test\SDL_test_harness.c">
      <Filter>Source Files</Filter>
    </ClCompile>
    <ClCompile Include="D:\Projects\Programming\DIVINE-ENGINE\xternal\SDL\src\test\SDL_test_log.c">
      <Filter>Source Files</Filter>
    </ClCompile>
    <ClCompile Include="D:\Projects\Programming\DIVINE-ENGINE\xternal\SDL\src\test\SDL_test_md5.c">
      <Filter>Source Files</Filter>
    </ClCompile>
    <ClCompile Include="D:\Projects\Programming\DIVINE-ENGINE\xternal\SDL\src\test\SDL_test_memory.c">
      <Filter>Source Files</Filter>
    </ClCompile>
  </ItemGroup>
  <ItemGroup>
    <ClInclude Include="D:\Projects\Programming\DIVINE-ENGINE\xternal\SDL\src\test\SDL_test_internal.h">
      <Filter>Header Files</Filter>
    </ClInclude>
  </ItemGroup>
  <ItemGroup>
    <CustomBuild Include="D:\Projects\Programming\DIVINE-ENGINE\xternal\SDL\CMakeLists.txt" />
  </ItemGroup>
  <ItemGroup>
    <Filter Include="Header Files">
      <UniqueIdentifier>{E37D673C-D3EC-3800-A6A4-D7CBF3CAF04D}</UniqueIdentifier>
    </Filter>
    <Filter Include="Source Files">
      <UniqueIdentifier>{68034C4A-38AB-33CC-A46E-E5851C8A3491}</UniqueIdentifier>
    </Filter>
  </ItemGroup>
</Project>
